
Microsoft Visual Studio Solution File, Format Version 12.00
# Visual Studio Version 17
VisualStudioVersion = 17.0.32126.317
MinimumVisualStudioVersion = 10.0.40219.1
Project("{2150E333-8FDC-42A3-9474-1A3956D46DE8}") = "Application", "Application", "{709F3075-B870-48E0-BA07-5E245804E69D}"
EndProject
Project("{2150E333-8FDC-42A3-9474-1A3956D46DE8}") = "Domain", "Domain", "{CA175901-395F-47F2-838D-81158AE29A06}"
EndProject
Project("{2150E333-8FDC-42A3-9474-1A3956D46DE8}") = "Infrastructure", "Infrastructure", "{D4325B56-23DA-41B2-8787-8E0F2631C9CC}"
EndProject
Project("{9A19103F-16F7-4668-BE54-9A1E7A4F7556}") = "WebShop.App", "WebShop.App\WebShop.App.csproj", "{92C8A22D-3E0D-467D-9636-C8938D38FD87}"
EndProject
Project("{9A19103F-16F7-4668-BE54-9A1E7A4F7556}") = "WebShop.Core", "WebShop.Core\WebShop.Core.csproj", "{697CBA28-31FE-408F-9A26-8426C118B9FE}"
EndProject
Project("{9A19103F-16F7-4668-BE54-9A1E7A4F7556}") = "WebShop.Data", "WebShop.Data\WebShop.Data.csproj", "{4ADFCC3F-FF44-4789-9E0E-B1A59305AD03}"
EndProject
Project("{9A19103F-16F7-4668-BE54-9A1E7A4F7556}") = "WebShop.Data.InMemory", "WebShop.Data.InMemory\WebShop.Data.InMemory.csproj", "{379DBDD1-9E1B-4FD0-B5B3-39FA66D8F755}"
EndProject
Project("{9A19103F-16F7-4668-BE54-9A1E7A4F7556}") = "WebShop.Data.Manager", "WebShop.Data.Manager\WebShop.Data.Manager.csproj", "{3847A285-3C6B-4130-9270-E43A8855BACE}"
EndProject
Project("{2150E333-8FDC-42A3-9474-1A3956D46DE8}") = "_DB", "_DB", "{D4237838-564E-4BB5-854C-557E5E4C37B5}"
EndProject
Project("{00D1A9C2-B5F0-4AF3-8072-F6C62B433612}") = "WebShop.DataBase", "WebShop.DataBase\WebShop.DataBase.sqlproj", "{6713AE3C-098F-4AF0-BCF5-CFAE346E9025}"
EndProject
Global
	GlobalSection(SolutionConfigurationPlatforms) = preSolution
		Debug|Any CPU = Debug|Any CPU
		Release|Any CPU = Release|Any CPU
	EndGlobalSection
	GlobalSection(ProjectConfigurationPlatforms) = postSolution
		{92C8A22D-3E0D-467D-9636-C8938D38FD87}.Debug|Any CPU.ActiveCfg = Debug|Any CPU
		{92C8A22D-3E0D-467D-9636-C8938D38FD87}.Debug|Any CPU.Build.0 = Debug|Any CPU
		{92C8A22D-3E0D-467D-9636-C8938D38FD87}.Release|Any CPU.ActiveCfg = Release|Any CPU
		{92C8A22D-3E0D-467D-9636-C8938D38FD87}.Release|Any CPU.Build.0 = Release|Any CPU
		{697CBA28-31FE-408F-9A26-8426C118B9FE}.Debug|Any CPU.ActiveCfg = Debug|Any CPU
		{697CBA28-31FE-408F-9A26-8426C118B9FE}.Debug|Any CPU.Build.0 = Debug|Any CPU
		{697CBA28-31FE-408F-9A26-8426C118B9FE}.Release|Any CPU.ActiveCfg = Release|Any CPU
		{697CBA28-31FE-408F-9A26-8426C118B9FE}.Release|Any CPU.Build.0 = Release|Any CPU
		{4ADFCC3F-FF44-4789-9E0E-B1A59305AD03}.Debug|Any CPU.ActiveCfg = Debug|Any CPU
		{4ADFCC3F-FF44-4789-9E0E-B1A59305AD03}.Debug|Any CPU.Build.0 = Debug|Any CPU
		{4ADFCC3F-FF44-4789-9E0E-B1A59305AD03}.Release|Any CPU.ActiveCfg = Release|Any CPU
		{4ADFCC3F-FF44-4789-9E0E-B1A59305AD03}.Release|Any CPU.Build.0 = Release|Any CPU
		{379DBDD1-9E1B-4FD0-B5B3-39FA66D8F755}.Debug|Any CPU.ActiveCfg = Debug|Any CPU
		{379DBDD1-9E1B-4FD0-B5B3-39FA66D8F755}.Debug|Any CPU.Build.0 = Debug|Any CPU
		{379DBDD1-9E1B-4FD0-B5B3-39FA66D8F755}.Release|Any CPU.ActiveCfg = Release|Any CPU
		{379DBDD1-9E1B-4FD0-B5B3-39FA66D8F755}.Release|Any CPU.Build.0 = Release|Any CPU
		{3847A285-3C6B-4130-9270-E43A8855BACE}.Debug|Any CPU.ActiveCfg = Debug|Any CPU
		{3847A285-3C6B-4130-9270-E43A8855BACE}.Debug|Any CPU.Build.0 = Debug|Any CPU
		{3847A285-3C6B-4130-9270-E43A8855BACE}.Release|Any CPU.ActiveCfg = Release|Any CPU
		{3847A285-3C6B-4130-9270-E43A8855BACE}.Release|Any CPU.Build.0 = Release|Any CPU
		{6713AE3C-098F-4AF0-BCF5-CFAE346E9025}.Debug|Any CPU.ActiveCfg = Debug|Any CPU
		{6713AE3C-098F-4AF0-BCF5-CFAE346E9025}.Debug|Any CPU.Build.0 = Debug|Any CPU
		{6713AE3C-098F-4AF0-BCF5-CFAE346E9025}.Debug|Any CPU.Deploy.0 = Debug|Any CPU
		{6713AE3C-098F-4AF0-BCF5-CFAE346E9025}.Release|Any CPU.ActiveCfg = Release|Any CPU
		{6713AE3C-098F-4AF0-BCF5-CFAE346E9025}.Release|Any CPU.Build.0 = Release|Any CPU
		{6713AE3C-098F-4AF0-BCF5-CFAE346E9025}.Release|Any CPU.Deploy.0 = Release|Any CPU
	EndGlobalSection
	GlobalSection(SolutionProperties) = preSolution
		HideSolutionNode = FALSE
	EndGlobalSection
	GlobalSection(NestedProjects) = preSolution
		{92C8A22D-3E0D-467D-9636-C8938D38FD87} = {709F3075-B870-48E0-BA07-5E245804E69D}
		{697CBA28-31FE-408F-9A26-8426C118B9FE} = {CA175901-395F-47F2-838D-81158AE29A06}
		{4ADFCC3F-FF44-4789-9E0E-B1A59305AD03} = {D4325B56-23DA-41B2-8787-8E0F2631C9CC}
		{379DBDD1-9E1B-4FD0-B5B3-39FA66D8F755} = {D4325B56-23DA-41B2-8787-8E0F2631C9CC}
		{3847A285-3C6B-4130-9270-E43A8855BACE} = {D4325B56-23DA-41B2-8787-8E0F2631C9CC}
		{6713AE3C-098F-4AF0-BCF5-CFAE346E9025} = {D4237838-564E-4BB5-854C-557E5E4C37B5}
	EndGlobalSection
	GlobalSection(ExtensibilityGlobals) = postSolution
		SolutionGuid = {26F976A2-B2D6-4B15-A96E-CC983EC6E502}
	EndGlobalSection
EndGlobal
